# DO NOT EDIT MANUALLY - Managed by Fern Replay
version: "1.0"
generations:
  - commit_sha: 78ff190749feb3803b4e9629d57294e4b09d3ead
    tree_hash: c3e180060dcea59de5c4290a242c66639e5cecff
    timestamp: 2026-07-14T04:31:08.668Z
    cli_version: unknown
    generator_versions: {}
current_generation: 78ff190749feb3803b4e9629d57294e4b09d3ead
patches: []
